<?xml version="1.0" encoding="utf-8"?>
<Project ToolsVersion="4.0" xmlns="http://schemas.microsoft.com/developer/msbuild/2003">
  <ItemGroup>
    <Filter Include="Source Files">
      <UniqueIdentifier>{4FC737F1-C7A5-4376-A066-2A32D752A2FF}</UniqueIdentifier>
      <Extensions>cpp;c;cc;cxx;c++;cppm;ixx;def;odl;idl;hpj;bat;asm;asmx</Extensions>
    </Filter>
    <Filter Include="Header Files">
      <UniqueIdentifier>{93995380-89BD-4b04-88EB-625FBE52EBFB}</UniqueIdentifier>
      <Extensions>h;hh;hpp;hxx;h++;hm;inl;inc;ipp;xsd</Extensions>
    </Filter>
    <Filter Include="Resource Files">
      <UniqueIdentifier>{67DA6AB6-F800-4c08-8B7A-83BB121AAD01}</UniqueIdentifier>
      <Extensions>rc;ico;cur;bmp;dlg;rc2;rct;bin;rgs;gif;jpg;jpeg;jpe;resx;tiff;tif;png;wav;mfcribbon-ms</Extensions>
    </Filter>
  </ItemGroup>
  <ItemGroup>
    <ClCompile Include="kernel\buffers.cpp">
      <Filter>Source Files</Filter>
    </ClCompile>
    <ClCompile Include="kernel\buffersQueue.cpp">
      <Filter>Source Files</Filter>
    </ClCompile>
    <ClCompile Include="kernel\Client.cpp">
      <Filter>Source Files</Filter>
    </ClCompile>
    <ClCompile Include="kernel\Distribution.cpp">
      <Filter>Source Files</Filter>
    </ClCompile>
    <ClCompile Include="kernel\errorObject.cpp">
      <Filter>Source Files</Filter>
    </ClCompile>
    <ClCompile Include="kernel\fsm.cpp">
      <Filter>Source Files</Filter>
    </ClCompile>
    <ClCompile Include="kernel\fsmSystem.cpp">
      <Filter>Source Files</Filter>
    </ClCompile>
    <ClCompile Include="kernel\kernelAPI.cpp">
      <Filter>Source Files</Filter>
    </ClCompile>
    <ClCompile Include="kernel\KernelFunctions.cpp">
      <Filter>Source Files</Filter>
    </ClCompile>
    <ClCompile Include="kernel\linuxFunctions.cpp">
      <Filter>Source Files</Filter>
    </ClCompile>
    <ClCompile Include="kernel\logAutomate.cpp">
      <Filter>Source Files</Filter>
    </ClCompile>
    <ClCompile Include="kernel\LogFile.cpp">
      <Filter>Source Files</Filter>
    </ClCompile>
    <ClCompile Include="kernel\mailbox.cpp">
      <Filter>Source Files</Filter>
    </ClCompile>
    <ClCompile Include="kernel\messages.cpp">
      <Filter>Source Files</Filter>
    </ClCompile>
    <ClCompile Include="kernel\msgInterface.cpp">
      <Filter>Source Files</Filter>
    </ClCompile>
    <ClCompile Include="kernel\NetFSM.cpp">
      <Filter>Source Files</Filter>
    </ClCompile>
    <ClCompile Include="kernel\postOffice.cpp">
      <Filter>Source Files</Filter>
    </ClCompile>
    <ClCompile Include="kernel\standardMsg.cpp">
      <Filter>Source Files</Filter>
    </ClCompile>
    <ClCompile Include="kernel\stdMsgpc16pl16.cpp">
      <Filter>Source Files</Filter>
    </ClCompile>
    <ClCompile Include="kernel\systemFunctions.cpp">
      <Filter>Source Files</Filter>
    </ClCompile>
    <ClCompile Include="kernel\systemTCP.cpp">
      <Filter>Source Files</Filter>
    </ClCompile>
    <ClCompile Include="kernel\thread.cpp">
      <Filter>Source Files</Filter>
    </ClCompile>
    <ClCompile Include="kernel\timer.cpp">
      <Filter>Source Files</Filter>
    </ClCompile>
    <ClCompile Include="kernel\TransportInterface.cpp">
      <Filter>Source Files</Filter>
    </ClCompile>
    <ClCompile Include="kernel\UdpFSM.cpp">
      <Filter>Source Files</Filter>
    </ClCompile>
    <ClCompile Include="kernel\UdpLogInterface.cpp">
      <Filter>Source Files</Filter>
    </ClCompile>
    <ClCompile Include="main.cpp">
      <Filter>Source Files</Filter>
    </ClCompile>
    <ClCompile Include="NetAutomat.cpp">
      <Filter>Source Files</Filter>
    </ClCompile>
  </ItemGroup>
  <ItemGroup>
    <ClInclude Include="kernel\buffers.h">
      <Filter>Header Files</Filter>
    </ClInclude>
    <ClInclude Include="kernel\buffersQueue.h">
      <Filter>Header Files</Filter>
    </ClInclude>
    <ClInclude Include="kernel\Client.h">
      <Filter>Header Files</Filter>
    </ClInclude>
    <ClInclude Include="kernel\Distribution.h">
      <Filter>Header Files</Filter>
    </ClInclude>
    <ClInclude Include="kernel\errorObject.h">
      <Filter>Header Files</Filter>
    </ClInclude>
    <ClInclude Include="kernel\fsm.h">
      <Filter>Header Files</Filter>
    </ClInclude>
    <ClInclude Include="kernel\fsmSystem.h">
      <Filter>Header Files</Filter>
    </ClInclude>
    <ClInclude Include="kernel\kernelAPI.h">
      <Filter>Header Files</Filter>
    </ClInclude>
    <ClInclude Include="kernel\kernelConsts.h">
      <Filter>Header Files</Filter>
    </ClInclude>
    <ClInclude Include="kernel\kernelTypes.h">
      <Filter>Header Files</Filter>
    </ClInclude>
    <ClInclude Include="kernel\linuxThread.h">
      <Filter>Header Files</Filter>
    </ClInclude>
    <ClInclude Include="kernel\logAutomate.h">
      <Filter>Header Files</Filter>
    </ClInclude>
    <ClInclude Include="kernel\LogFile.h">
      <Filter>Header Files</Filter>
    </ClInclude>
    <ClInclude Include="kernel\mailbox.h">
      <Filter>Header Files</Filter>
    </ClInclude>
    <ClInclude Include="kernel\messages.h">
      <Filter>Header Files</Filter>
    </ClInclude>
    <ClInclude Include="kernel\msgInterface.h">
      <Filter>Header Files</Filter>
    </ClInclude>
    <ClInclude Include="kernel\NetException.h">
      <Filter>Header Files</Filter>
    </ClInclude>
    <ClInclude Include="kernel\NetFSM.h">
      <Filter>Header Files</Filter>
    </ClInclude>
    <ClInclude Include="kernel\postOffice.h">
      <Filter>Header Files</Filter>
    </ClInclude>
    <ClInclude Include="kernel\standardMsg.h">
      <Filter>Header Files</Filter>
    </ClInclude>
    <ClInclude Include="kernel\stdMsgpc16pl16.h">
      <Filter>Header Files</Filter>
    </ClInclude>
    <ClInclude Include="kernel\systemFunctions.h">
      <Filter>Header Files</Filter>
    </ClInclude>
    <ClInclude Include="kernel\systemTCP.h">
      <Filter>Header Files</Filter>
    </ClInclude>
    <ClInclude Include="kernel\thread.h">
      <Filter>Header Files</Filter>
    </ClInclude>
    <ClInclude Include="kernel\ThreadException.h">
      <Filter>Header Files</Filter>
    </ClInclude>
    <ClInclude Include="kernel\timer.h">
      <Filter>Header Files</Filter>
    </ClInclude>
    <ClInclude Include="kernel\TransportInterface.h">
      <Filter>Header Files</Filter>
    </ClInclude>
    <ClInclude Include="kernel\UdpFSM.h">
      <Filter>Header Files</Filter>
    </ClInclude>
    <ClInclude Include="kernel\UdpLogInterface.h">
      <Filter>Header Files</Filter>
    </ClInclude>
    <ClInclude Include="kernel\uniSock.h">
      <Filter>Header Files</Filter>
    </ClInclude>
    <ClInclude Include="NetAutomat.h">
      <Filter>Header Files</Filter>
    </ClInclude>
    <ClInclude Include="const.h">
      <Filter>Header Files</Filter>
    </ClInclude>
  </ItemGroup>
  <ItemGroup>
    <Library Include="kernel\KernelLib.lib" />
  </ItemGroup>
</Project>